
Microsoft Visual Studio Solution File, Format Version 12.00
# Visual Studio Version 17
VisualStudioVersion = 17.8.34330.188
MinimumVisualStudioVersion = 10.0.40219.1
Project("{FAE04EC0-301F-11D3-BF4B-00C04F79EFBC}") = "hwFeb26 (Ad).Web", "hwFeb26 (Ad).Web\hwFeb26 (Ad).Web.csproj", "{634F86B1-88D3-4C29-B98A-257886F43A31}"
EndProject
Project("{FAE04EC0-301F-11D3-BF4B-00C04F79EFBC}") = "hwFeb26 (Ad).Data", "hwFeb26 (Ad).Data\hwFeb26 (Ad).Data.csproj", "{1EB9A4DA-A955-4CB5-A1B3-D9EA2BC59EB4}"
EndProject
Global
	GlobalSection(SolutionConfigurationPlatforms) = preSolution
		Debug|Any CPU = Debug|Any CPU
		Release|Any CPU = Release|Any CPU
	EndGlobalSection
	GlobalSection(ProjectConfigurationPlatforms) = postSolution
		{634F86B1-88D3-4C29-B98A-257886F43A31}.Debug|Any CPU.ActiveCfg = Debug|Any CPU
		{634F86B1-88D3-4C29-B98A-257886F43A31}.Debug|Any CPU.Build.0 = Debug|Any CPU
		{634F86B1-88D3-4C29-B98A-257886F43A31}.Release|Any CPU.ActiveCfg = Release|Any CPU
		{634F86B1-88D3-4C29-B98A-257886F43A31}.Release|Any CPU.Build.0 = Release|Any CPU
		{1EB9A4DA-A955-4CB5-A1B3-D9EA2BC59EB4}.Debug|Any CPU.ActiveCfg = Debug|Any CPU
		{1EB9A4DA-A955-4CB5-A1B3-D9EA2BC59EB4}.Debug|Any CPU.Build.0 = Debug|Any CPU
		{1EB9A4DA-A955-4CB5-A1B3-D9EA2BC59EB4}.Release|Any CPU.ActiveCfg = Release|Any CPU
		{1EB9A4DA-A955-4CB5-A1B3-D9EA2BC59EB4}.Release|Any CPU.Build.0 = Release|Any CPU
	EndGlobalSection
	GlobalSection(SolutionProperties) = preSolution
		HideSolutionNode = FALSE
	EndGlobalSection
	GlobalSection(ExtensibilityGlobals) = postSolution
		SolutionGuid = {7B08E4B6-176C-4EEF-BAC8-29937B696C27}
	EndGlobalSection
EndGlobal
